
Microsoft Visual Studio Solution File, Format Version 12.00
# Visual Studio Version 16
VisualStudioVersion = 16.0.29503.13
MinimumVisualStudioVersion = 10.0.40219.1
Project("{FAE04EC0-301F-11D3-BF4B-00C04F79EFBC}") = "Arvore", "Arvore\Arvore.csproj", "{97D8E1FA-F6CF-43BC-B77D-64BDE8FED07C}"
EndProject
Global
	GlobalSection(SolutionConfigurationPlatforms) = preSolution
		Debug|Any CPU = Debug|Any CPU
		Release|Any CPU = Release|Any CPU
	EndGlobalSection
	GlobalSection(ProjectConfigurationPlatforms) = postSolution
		{97D8E1FA-F6CF-43BC-B77D-64BDE8FED07C}.Debug|Any CPU.ActiveCfg = Debug|Any CPU
		{97D8E1FA-F6CF-43BC-B77D-64BDE8FED07C}.Debug|Any CPU.Build.0 = Debug|Any CPU
		{97D8E1FA-F6CF-43BC-B77D-64BDE8FED07C}.Release|Any CPU.ActiveCfg = Release|Any CPU
		{97D8E1FA-F6CF-43BC-B77D-64BDE8FED07C}.Release|Any CPU.Build.0 = Release|Any CPU
	EndGlobalSection
	GlobalSection(SolutionProperties) = preSolution
		HideSolutionNode = FALSE
	EndGlobalSection
	GlobalSection(ExtensibilityGlobals) = postSolution
		SolutionGuid = {52E3C4C5-5848-4FAC-8FAD-754ACE2AE574}
	EndGlobalSection
EndGlobal
